// !$*UTF8*$!
{
	archiveVersion = 1;
	classes = {
	};
	objectVersion = 56;
	objects = {

/* Begin PBXBuildFile section */
		541E31AD2D043B8600CBF062 /* AppLogoView.swift in Sources */ = {isa = PBXBuildFile; fileRef = 541E31AC2D043B8600CBF062 /* AppLogoView.swift */; };
		541E31AF2D0488EB00CBF062 /* LoginInputView.swift in Sources */ = {isa = PBXBuildFile; fileRef = 541E31AE2D0488EB00CBF062 /* LoginInputView.swift */; };
		543D59A92D019D9B0041566D /* AppDelegate.swift in Sources */ = {isa = PBXBuildFile; fileRef = 543D59A82D019D9B0041566D /* AppDelegate.swift */; };
		543D59AB2D019D9B0041566D /* SceneDelegate.swift in Sources */ = {isa = PBXBuildFile; fileRef = 543D59AA2D019D9B0041566D /* SceneDelegate.swift */; };
		543D59AD2D019D9B0041566D /* HomeViewController.swift in Sources */ = {isa = PBXBuildFile; fileRef = 543D59AC2D019D9B0041566D /* HomeViewController.swift */; };
		543D59B22D019D9C0041566D /* Assets.xcassets in Resources */ = {isa = PBXBuildFile; fileRef = 543D59B12D019D9C0041566D /* Assets.xcassets */; };
		543D59B52D019D9C0041566D /* LaunchScreen.storyboard in Resources */ = {isa = PBXBuildFile; fileRef = 543D59B32D019D9C0041566D /* LaunchScreen.storyboard */; };
		543D59C02D019D9C0041566D /* SignUpExampleTests.swift in Sources */ = {isa = PBXBuildFile; fileRef = 543D59BF2D019D9C0041566D /* SignUpExampleTests.swift */; };
		543D59CA2D019D9C0041566D /* SignUpExampleUITests.swift in Sources */ = {isa = PBXBuildFile; fileRef = 543D59C92D019D9C0041566D /* SignUpExampleUITests.swift */; };
		543D59CC2D019D9C0041566D /* SignUpExampleUITestsLaunchTests.swift in Sources */ = {isa = PBXBuildFile; fileRef = 543D59CB2D019D9C0041566D /* SignUpExampleUITestsLaunchTests.swift */; };
		543D59DF2D01AC930041566D /* HomeMainView.swift in Sources */ = {isa = PBXBuildFile; fileRef = 543D59DE2D01AC930041566D /* HomeMainView.swift */; };
/* End PBXBuildFile section */

/* Begin PBXContainerItemProxy section */
		543D59BC2D019D9C0041566D /* PBXContainerItemProxy */ = {
			isa = PBXContainerItemProxy;
			containerPortal = 543D599D2D019D9B0041566D /* Project object */;
			proxyType = 1;
			remoteGlobalIDString = 543D59A42D019D9B0041566D;
			remoteInfo = SignUpExample;
		};
		543D59C62D019D9C0041566D /* PBXContainerItemProxy */ = {
			isa = PBXContainerItemProxy;
			containerPortal = 543D599D2D019D9B0041566D /* Project object */;
			proxyType = 1;
			remoteGlobalIDString = 543D59A42D019D9B0041566D;
			remoteInfo = SignUpExample;
		};
/* End PBXContainerItemProxy section */

/* Begin PBXFileReference section */
		541E31AC2D043B8600CBF062 /* AppLogoView.swift */ = {isa = PBXFileReference; lastKnownFileType = sourcecode.swift; path = AppLogoView.swift; sourceTree = "<group>"; };
		541E31AE2D0488EB00CBF062 /* LoginInputView.swift */ = {isa = PBXFileReference; lastKnownFileType = sourcecode.swift; path = LoginInputView.swift; sourceTree = "<group>"; };
		543D59A52D019D9B0041566D /* SignUpExample.app */ = {isa = PBXFileReference; explicitFileType = wrapper.application; includeInIndex = 0; path = SignUpExample.app; sourceTree = BUILT_PRODUCTS_DIR; };
		543D59A82D019D9B0041566D /* AppDelegate.swift */ = {isa = PBXFileReference; lastKnownFileType = sourcecode.swift; path = AppDelegate.swift; sourceTree = "<group>"; };
		543D59AA2D019D9B0041566D /* SceneDelegate.swift */ = {isa = PBXFileReference; lastKnownFileType = sourcecode.swift; path = SceneDelegate.swift; sourceTree = "<group>"; };
		543D59AC2D019D9B0041566D /* HomeViewController.swift */ = {isa = PBXFileReference; lastKnownFileType = sourcecode.swift; path = HomeViewController.swift; sourceTree = "<group>"; };
		543D59B12D019D9C0041566D /* Assets.xcassets */ = {isa = PBXFileReference; lastKnownFileType = folder.assetcatalog; path = Assets.xcassets; sourceTree = "<group>"; };
		543D59B42D019D9C0041566D /* Base */ = {isa = PBXFileReference; lastKnownFileType = file.storyboard; name = Base; path = Base.lproj/LaunchScreen.storyboard; sourceTree = "<group>"; };
		543D59B62D019D9C0041566D /* Info.plist */ = {isa = PBXFileReference; lastKnownFileType = text.plist.xml; path = Info.plist; sourceTree = "<group>"; };
		543D59BB2D019D9C0041566D /* SignUpExampleTests.xctest */ = {isa = PBXFileReference; explicitFileType = wrapper.cfbundle; includeInIndex = 0; path = SignUpExampleTests.xctest; sourceTree = BUILT_PRODUCTS_DIR; };
		543D59BF2D019D9C0041566D /* SignUpExampleTests.swift */ = {isa = PBXFileReference; lastKnownFileType = sourcecode.swift; path = SignUpExampleTests.swift; sourceTree = "<group>"; };
		543D59C52D019D9C0041566D /* SignUpExampleUITests.xctest */ = {isa = PBXFileReference; explicitFileType = wrapper.cfbundle; includeInIndex = 0; path = SignUpExampleUITests.xctest; sourceTree = BUILT_PRODUCTS_DIR; };
		543D59C92D019D9C0041566D /* SignUpExampleUITests.swift */ = {isa = PBXFileReference; lastKnownFileType = sourcecode.swift; path = SignUpExampleUITests.swift; sourceTree = "<group>"; };
		543D59CB2D019D9C0041566D /* SignUpExampleUITestsLaunchTests.swift */ = {isa = PBXFileReference; lastKnownFileType = sourcecode.swift; path = SignUpExampleUITestsLaunchTests.swift; sourceTree = "<group>"; };
		543D59DE2D01AC930041566D /* HomeMainView.swift */ = {isa = PBXFileReference; lastKnownFileType = sourcecode.swift; path = HomeMainView.swift; sourceTree = "<group>"; };
/* End PBXFileReference section */

/* Begin PBXFrameworksBuildPhase section */
		543D59A22D019D9B0041566D /* Frameworks */ = {
			isa = PBXFrameworksBuildPhase;
			buildActionMask = 2147483647;
			files = (
			);
			runOnlyForDeploymentPostprocessing = 0;
		};
		543D59B82D019D9C0041566D /* Frameworks */ = {
			isa = PBXFrameworksBuildPhase;
			buildActionMask = 2147483647;
			files = (
			);
			runOnlyForDeploymentPostprocessing = 0;
		};
		543D59C22D019D9C0041566D /* Frameworks */ = {
			isa = PBXFrameworksBuildPhase;
			buildActionMask = 2147483647;
			files = (
			);
			runOnlyForDeploymentPostprocessing = 0;
		};
/* End PBXFrameworksBuildPhase section */

/* Begin PBXGroup section */
		541E31AB2D043B6A00CBF062 /* Components */ = {
			isa = PBXGroup;
			children = (
				541E31AC2D043B8600CBF062 /* AppLogoView.swift */,
				541E31AE2D0488EB00CBF062 /* LoginInputView.swift */,
			);
			path = Components;
			sourceTree = "<group>";
		};
		543D599C2D019D9B0041566D = {
			isa = PBXGroup;
			children = (
				543D59A72D019D9B0041566D /* SignUpExample */,
				543D59BE2D019D9C0041566D /* SignUpExampleTests */,
				543D59C82D019D9C0041566D /* SignUpExampleUITests */,
				543D59A62D019D9B0041566D /* Products */,
			);
			sourceTree = "<group>";
		};
		543D59A62D019D9B0041566D /* Products */ = {
			isa = PBXGroup;
			children = (
				543D59A52D019D9B0041566D /* SignUpExample.app */,
				543D59BB2D019D9C0041566D /* SignUpExampleTests.xctest */,
				543D59C52D019D9C0041566D /* SignUpExampleUITests.xctest */,
			);
			name = Products;
			sourceTree = "<group>";
		};
		543D59A72D019D9B0041566D /* SignUpExample */ = {
			isa = PBXGroup;
			children = (
				543D59D82D019DC20041566D /* App */,
				543D59DA2D01AC320041566D /* Home */,
				543D59B12D019D9C0041566D /* Assets.xcassets */,
				543D59B32D019D9C0041566D /* LaunchScreen.storyboard */,
				543D59B62D019D9C0041566D /* Info.plist */,
			);
			path = SignUpExample;
			sourceTree = "<group>";
		};
		543D59BE2D019D9C0041566D /* SignUpExampleTests */ = {
			isa = PBXGroup;
			children = (
				543D59BF2D019D9C0041566D /* SignUpExampleTests.swift */,
			);
			path = SignUpExampleTests;
			sourceTree = "<group>";
		};
		543D59C82D019D9C0041566D /* SignUpExampleUITests */ = {
			isa = PBXGroup;
			children = (
				543D59C92D019D9C0041566D /* SignUpExampleUITests.swift */,
				543D59CB2D019D9C0041566D /* SignUpExampleUITestsLaunchTests.swift */,
			);
			path = SignUpExampleUITests;
			sourceTree = "<group>";
		};
		543D59D82D019DC20041566D /* App */ = {
			isa = PBXGroup;
			children = (
				543D59A82D019D9B0041566D /* AppDelegate.swift */,
				543D59AA2D019D9B0041566D /* SceneDelegate.swift */,
			);
			path = App;
			sourceTree = "<group>";
		};
		543D59DA2D01AC320041566D /* Home */ = {
			isa = PBXGroup;
			children = (
				543D59DD2D01AC820041566D /* View */,
				543D59DC2D01AC580041566D /* ViewModel */,
				543D59DB2D01AC4F0041566D /* ViewController */,
			);
			path = Home;
			sourceTree = "<group>";
		};
		543D59DB2D01AC4F0041566D /* ViewController */ = {
			isa = PBXGroup;
			children = (
				543D59AC2D019D9B0041566D /* HomeViewController.swift */,
			);
			path = ViewController;
			sourceTree = "<group>";
		};
		543D59DC2D01AC580041566D /* ViewModel */ = {
			isa = PBXGroup;
			children = (
			);
			path = ViewModel;
			sourceTree = "<group>";
		};
		543D59DD2D01AC820041566D /* View */ = {
			isa = PBXGroup;
			children = (
				541E31AB2D043B6A00CBF062 /* Components */,
				543D59DE2D01AC930041566D /* HomeMainView.swift */,
			);
			path = View;
			sourceTree = "<group>";
		};
/* End PBXGroup section */

/* Begin PBXNativeTarget section */
		543D59A42D019D9B0041566D /* SignUpExample */ = {
			isa = PBXNativeTarget;
			buildConfigurationList = 543D59CF2D019D9C0041566D /* Build configuration list for PBXNativeTarget "SignUpExample" */;
			buildPhases = (
				543D59A12D019D9B0041566D /* Sources */,
				543D59A22D019D9B0041566D /* Frameworks */,
				543D59A32D019D9B0041566D /* Resources */,
			);
			buildRules = (
			);
			dependencies = (
			);
			name = SignUpExample;
			productName = SignUpExample;
			productReference = 543D59A52D019D9B0041566D /* SignUpExample.app */;
			productType = "com.apple.product-type.application";
		};
		543D59BA2D019D9C0041566D /* SignUpExampleTests */ = {
			isa = PBXNativeTarget;
			buildConfigurationList = 543D59D22D019D9C0041566D /* Build configuration list for PBXNativeTarget "SignUpExampleTests" */;
			buildPhases = (
				543D59B72D019D9C0041566D /* Sources */,
				543D59B82D019D9C0041566D /* Frameworks */,
				543D59B92D019D9C0041566D /* Resources */,
			);
			buildRules = (
			);
			dependencies = (
				543D59BD2D019D9C0041566D /* PBXTargetDependency */,
			);
			name = SignUpExampleTests;
			productName = SignUpExampleTests;
			productReference = 543D59BB2D019D9C0041566D /* SignUpExampleTests.xctest */;
			productType = "com.apple.product-type.bundle.unit-test";
		};
		543D59C42D019D9C0041566D /* SignUpExampleUITests */ = {
			isa = PBXNativeTarget;
			buildConfigurationList = 543D59D52D019D9C0041566D /* Build configuration list for PBXNativeTarget "SignUpExampleUITests" */;
			buildPhases = (
				543D59C12D019D9C0041566D /* Sources */,
				543D59C22D019D9C0041566D /* Frameworks */,
				543D59C32D019D9C0041566D /* Resources */,
			);
			buildRules = (
			);
			dependencies = (
				543D59C72D019D9C0041566D /* PBXTargetDependency */,
			);
			name = SignUpExampleUITests;
			productName = SignUpExampleUITests;
			productReference = 543D59C52D019D9C0041566D /* SignUpExampleUITests.xctest */;
			productType = "com.apple.product-type.bundle.ui-testing";
		};
/* End PBXNativeTarget section */

/* Begin PBXProject section */
		543D599D2D019D9B0041566D /* Project object */ = {
			isa = PBXProject;
			attributes = {
				BuildIndependentTargetsInParallel = 1;
				LastSwiftUpdateCheck = 1520;
				LastUpgradeCheck = 1520;
				TargetAttributes = {
					543D59A42D019D9B0041566D = {
						CreatedOnToolsVersion = 15.2;
					};
					543D59BA2D019D9C0041566D = {
						CreatedOnToolsVersion = 15.2;
						TestTargetID = 543D59A42D019D9B0041566D;
					};
					543D59C42D019D9C0041566D = {
						CreatedOnToolsVersion = 15.2;
						TestTargetID = 543D59A42D019D9B0041566D;
					};
				};
			};
			buildConfigurationList = 543D59A02D019D9B0041566D /* Build configuration list for PBXProject "SignUpExample" */;
			compatibilityVersion = "Xcode 14.0";
			developmentRegion = en;
			hasScannedForEncodings = 0;
			knownRegions = (
				en,
				Base,
			);
			mainGroup = 543D599C2D019D9B0041566D;
			productRefGroup = 543D59A62D019D9B0041566D /* Products */;
			projectDirPath = "";
			projectRoot = "";
			targets = (
				543D59A42D019D9B0041566D /* SignUpExample */,
				543D59BA2D019D9C0041566D /* SignUpExampleTests */,
				543D59C42D019D9C0041566D /* SignUpExampleUITests */,
			);
		};
/* End PBXProject section */

/* Begin PBXResourcesBuildPhase section */
		543D59A32D019D9B0041566D /* Resources */ = {
			isa = PBXResourcesBuildPhase;
			buildActionMask = 2147483647;
			files = (
				543D59B52D019D9C0041566D /* LaunchScreen.storyboard in Resources */,
				543D59B22D019D9C0041566D /* Assets.xcassets in Resources */,
			);
			runOnlyForDeploymentPostprocessing = 0;
		};
		543D59B92D019D9C0041566D /* Resources */ = {
			isa = PBXResourcesBuildPhase;
			buildActionMask = 2147483647;
			files = (
			);
			runOnlyForDeploymentPostprocessing = 0;
		};
		543D59C32D019D9C0041566D /* Resources */ = {
			isa = PBXResourcesBuildPhase;
			buildActionMask = 2147483647;
			files = (
			);
			runOnlyForDeploymentPostprocessing = 0;
		};
/* End PBXResourcesBuildPhase section */

/* Begin PBXSourcesBuildPhase section */
		543D59A12D019D9B0041566D /* Sources */ = {
			isa = PBXSourcesBuildPhase;
			buildActionMask = 2147483647;
			files = (
				541E31AD2D043B8600CBF062 /* AppLogoView.swift in Sources */,
				543D59AD2D019D9B0041566D /* HomeViewController.swift in Sources */,
				543D59A92D019D9B0041566D /* AppDelegate.swift in Sources */,
				543D59DF2D01AC930041566D /* HomeMainView.swift in Sources */,
				543D59AB2D019D9B0041566D /* SceneDelegate.swift in Sources */,
				541E31AF2D0488EB00CBF062 /* LoginInputView.swift in Sources */,
			);
			runOnlyForDeploymentPostprocessing = 0;
		};
		543D59B72D019D9C0041566D /* Sources */ = {
			isa = PBXSourcesBuildPhase;
			buildActionMask = 2147483647;
			files = (
				543D59C02D019D9C0041566D /* SignUpExampleTests.swift in Sources */,
			);
			runOnlyForDeploymentPostprocessing = 0;
		};
		543D59C12D019D9C0041566D /* Sources */ = {
			isa = PBXSourcesBuildPhase;
			buildActionMask = 2147483647;
			files = (
				543D59CA2D019D9C0041566D /* SignUpExampleUITests.swift in Sources */,
				543D59CC2D019D9C0041566D /* SignUpExampleUITestsLaunchTests.swift in Sources */,
			);
			runOnlyForDeploymentPostprocessing = 0;
		};
/* End PBXSourcesBuildPhase section */

/* Begin PBXTargetDependency section */
		543D59BD2D019D9C0041566D /* PBXTargetDependency */ = {
			isa = PBXTargetDependency;
			target = 543D59A42D019D9B0041566D /* SignUpExample */;
			targetProxy = 543D59BC2D019D9C0041566D /* PBXContainerItemProxy */;
		};
		543D59C72D019D9C0041566D /* PBXTargetDependency */ = {
			isa = PBXTargetDependency;
			target = 543D59A42D019D9B0041566D /* SignUpExample */;
			targetProxy = 543D59C62D019D9C0041566D /* PBXContainerItemProxy */;
		};
/* End PBXTargetDependency section */

/* Begin PBXVariantGroup section */
		543D59B32D019D9C0041566D /* LaunchScreen.storyboard */ = {
			isa = PBXVariantGroup;
			children = (
				543D59B42D019D9C0041566D /* Base */,
			);
			name = LaunchScreen.storyboard;
			sourceTree = "<group>";
		};
/* End PBXVariantGroup section */

/* Begin XCBuildConfiguration section */
		543D59CD2D019D9C0041566D /* Debug */ = {
			isa = XCBuildConfiguration;
			buildSettings = {
				ALWAYS_SEARCH_USER_PATHS = NO;
				ASSETCATALOG_COMPILER_GENERATE_SWIFT_ASSET_SYMBOL_EXTENSIONS = YES;
				CLANG_ANALYZER_NONNULL = YES;
				CLANG_ANALYZER_NUMBER_OBJECT_CONVERSION = YES_AGGRESSIVE;
				CLANG_CXX_LANGUAGE_STANDARD = "gnu++20";
				CLANG_ENABLE_MODULES = YES;
				CLANG_ENABLE_OBJC_ARC = YES;
				CLANG_ENABLE_OBJC_WEAK = YES;
				CLANG_WARN_BLOCK_CAPTURE_AUTORELEASING = YES;
				CLANG_WARN_BOOL_CONVERSION = YES;
				CLANG_WARN_COMMA = YES;
				CLANG_WARN_CONSTANT_CONVERSION = YES;
				CLANG_WARN_DEPRECATED_OBJC_IMPLEMENTATIONS = YES;
				CLANG_WARN_DIRECT_OBJC_ISA_USAGE = YES_ERROR;
				CLANG_WARN_DOCUMENTATION_COMMENTS = YES;
				CLANG_WARN_EMPTY_BODY = YES;
				CLANG_WARN_ENUM_CONVERSION = YES;
				CLANG_WARN_INFINITE_RECURSION = YES;
				CLANG_WARN_INT_CONVERSION = YES;
				CLANG_WARN_NON_LITERAL_NULL_CONVERSION = YES;
				CLANG_WARN_OBJC_IMPLICIT_RETAIN_SELF = YES;
				CLANG_WARN_OBJC_LITERAL_CONVERSION = YES;
				CLANG_WARN_OBJC_ROOT_CLASS = YES_ERROR;
				CLANG_WARN_QUOTED_INCLUDE_IN_FRAMEWORK_HEADER = YES;
				CLANG_WARN_RANGE_LOOP_ANALYSIS = YES;
				CLANG_WARN_STRICT_PROTOTYPES = YES;
				CLANG_WARN_SUSPICIOUS_MOVE = YES;
				CLANG_WARN_UNGUARDED_AVAILABILITY = YES_AGGRESSIVE;
				CLANG_WARN_UNREACHABLE_CODE = YES;
				CLANG_WARN__DUPLICATE_METHOD_MATCH = YES;
				COPY_PHASE_STRIP = NO;
				DEBUG_INFORMATION_FORMAT = dwarf;
				ENABLE_STRICT_OBJC_MSGSEND = YES;
				ENABLE_TESTABILITY = YES;
				ENABLE_USER_SCRIPT_SANDBOXING = YES;
				GCC_C_LANGUAGE_STANDARD = gnu17;
				GCC_DYNAMIC_NO_PIC = NO;
				GCC_NO_COMMON_BLOCKS = YES;
				GCC_OPTIMIZATION_LEVEL = 0;
				GCC_PREPROCESSOR_DEFINITIONS = (
					"DEBUG=1",
					"$(inherited)",
				);
				GCC_WARN_64_TO_32_BIT_CONVERSION = YES;
				GCC_WARN_ABOUT_RETURN_TYPE = YES_ERROR;
				GCC_WARN_UNDECLARED_SELECTOR = YES;
				GCC_WARN_UNINITIALIZED_AUTOS = YES_AGGRESSIVE;
				GCC_WARN_UNUSED_FUNCTION = YES;
				GCC_WARN_UNUSED_VARIABLE = YES;
				IPHONEOS_DEPLOYMENT_TARGET = 17.2;
				LOCALIZATION_PREFERS_STRING_CATALOGS = YES;
				MTL_ENABLE_DEBUG_INFO = INCLUDE_SOURCE;
				MTL_FAST_MATH = YES;
				ONLY_ACTIVE_ARCH = YES;
				SDKROOT = iphoneos;
				SWIFT_ACTIVE_COMPILATION_CONDITIONS = "DEBUG $(inherited)";
				SWIFT_OPTIMIZATION_LEVEL = "-Onone";
			};
			name = Debug;
		};
		543D59CE2D019D9C0041566D /* Release */ = {
			isa = XCBuildConfiguration;
			buildSettings = {
				ALWAYS_SEARCH_USER_PATHS = NO;
				ASSETCATALOG_COMPILER_GENERATE_SWIFT_ASSET_SYMBOL_EXTENSIONS = YES;
				CLANG_ANALYZER_NONNULL = YES;
				CLANG_ANALYZER_NUMBER_OBJECT_CONVERSION = YES_AGGRESSIVE;
				CLANG_CXX_LANGUAGE_STANDARD = "gnu++20";
				CLANG_ENABLE_MODULES = YES;
				CLANG_ENABLE_OBJC_ARC = YES;
				CLANG_ENABLE_OBJC_WEAK = YES;
				CLANG_WARN_BLOCK_CAPTURE_AUTORELEASING = YES;
				CLANG_WARN_BOOL_CONVERSION = YES;
				CLANG_WARN_COMMA = YES;
				CLANG_WARN_CONSTANT_CONVERSION = YES;
				CLANG_WARN_DEPRECATED_OBJC_IMPLEMENTATIONS = YES;
				CLANG_WARN_DIRECT_OBJC_ISA_USAGE = YES_ERROR;
				CLANG_WARN_DOCUMENTATION_COMMENTS = YES;
				CLANG_WARN_EMPTY_BODY = YES;
				CLANG_WARN_ENUM_CONVERSION = YES;
				CLANG_WARN_INFINITE_RECURSION = YES;
				CLANG_WARN_INT_CONVERSION = YES;
				CLANG_WARN_NON_LITERAL_NULL_CONVERSION = YES;
				CLANG_WARN_OBJC_IMPLICIT_RETAIN_SELF = YES;
				CLANG_WARN_OBJC_LITERAL_CONVERSION = YES;
				CLANG_WARN_OBJC_ROOT_CLASS = YES_ERROR;
				CLANG_WARN_QUOTED_INCLUDE_IN_FRAMEWORK_HEADER = YES;
				CLANG_WARN_RANGE_LOOP_ANALYSIS = YES;
				CLANG_WARN_STRICT_PROTOTYPES = YES;
				CLANG_WARN_SUSPICIOUS_MOVE = YES;
				CLANG_WARN_UNGUARDED_AVAILABILITY = YES_AGGRESSIVE;
				CLANG_WARN_UNREACHABLE_CODE = YES;
				CLANG_WARN__DUPLICATE_METHOD_MATCH = YES;
				COPY_PHASE_STRIP = NO;
				DEBUG_INFORMATION_FORMAT = "dwarf-with-dsym";
				ENABLE_NS_ASSERTIONS = NO;
				ENABLE_STRICT_OBJC_MSGSEND = YES;
				ENABLE_USER_SCRIPT_SANDBOXING = YES;
				GCC_C_LANGUAGE_STANDARD = gnu17;
				GCC_NO_COMMON_BLOCKS = YES;
				GCC_WARN_64_TO_32_BIT_CONVERSION = YES;
				GCC_WARN_ABOUT_RETURN_TYPE = YES_ERROR;
				GCC_WARN_UNDECLARED_SELECTOR = YES;
				GCC_WARN_UNINITIALIZED_AUTOS = YES_AGGRESSIVE;
				GCC_WARN_UNUSED_FUNCTION = YES;
				GCC_WARN_UNUSED_VARIABLE = YES;
				IPHONEOS_DEPLOYMENT_TARGET = 17.2;
				LOCALIZATION_PREFERS_STRING_CATALOGS = YES;
				MTL_ENABLE_DEBUG_INFO = NO;
				MTL_FAST_MATH = YES;
				SDKROOT = iphoneos;
				SWIFT_COMPILATION_MODE = wholemodule;
				VALIDATE_PRODUCT = YES;
			};
			name = Release;
		};
		543D59D02D019D9C0041566D /* Debug */ = {
			isa = XCBuildConfiguration;
			buildSettings = {
				ASSETCATALOG_COMPILER_APPICON_NAME = AppIcon;
				ASSETCATALOG_COMPILER_GLOBAL_ACCENT_COLOR_NAME = AccentColor;
				CODE_SIGN_STYLE = Automatic;
				CURRENT_PROJECT_VERSION = 1;
				DEVELOPMENT_TEAM = "";
				GENERATE_INFOPLIST_FILE = YES;
				INFOPLIST_FILE = SignUpExample/Info.plist;
				INFOPLIST_KEY_UIApplicationSupportsIndirectInputEvents = YES;
				INFOPLIST_KEY_UILaunchStoryboardName = LaunchScreen;
				INFOPLIST_KEY_UIMainStoryboardFile = "";
				INFOPLIST_KEY_UISupportedInterfaceOrientations_iPad = "UIInterfaceOrientationPortrait UIInterfaceOrientationPortraitUpsideDown UIInterfaceOrientationLandscapeLeft UIInterfaceOrientationLandscapeRight";
				INFOPLIST_KEY_UISupportedInterfaceOrientations_iPhone = "UIInterfaceOrientationPortrait UIInterfaceOrientationLandscapeLeft UIInterfaceOrientationLandscapeRight";
				IPHONEOS_DEPLOYMENT_TARGET = 15.0;
				LD_RUNPATH_SEARCH_PATHS = (
					"$(inherited)",
					"@executable_path/Frameworks",
				);
				MARKETING_VERSION = 1.0;
				PRODUCT_BUNDLE_IDENTIFIER = KSH.SignUpExample;
				PRODUCT_NAME = "$(TARGET_NAME)";
				SUPPORTED_PLATFORMS = "iphoneos iphonesimulator";
				SUPPORTS_MACCATALYST = NO;
				SUPPORTS_MAC_DESIGNED_FOR_IPHONE_IPAD = NO;
				SUPPORTS_XR_DESIGNED_FOR_IPHONE_IPAD = NO;
				SWIFT_EMIT_LOC_STRINGS = YES;
				SWIFT_VERSION = 5.0;
				TARGETED_DEVICE_FAMILY = 1;
			};
			name = Debug;
		};
		543D59D12D019D9C0041566D /* Release */ = {
			isa = XCBuildConfiguration;
			buildSettings = {
				ASSETCATALOG_COMPILER_APPICON_NAME = AppIcon;
				ASSETCATALOG_COMPILER_GLOBAL_ACCENT_COLOR_NAME = AccentColor;
				CODE_SIGN_STYLE = Automatic;
				CURRENT_PROJECT_VERSION = 1;
				DEVELOPMENT_TEAM = "";
				GENERATE_INFOPLIST_FILE = YES;
				INFOPLIST_FILE = SignUpExample/Info.plist;
				INFOPLIST_KEY_UIApplicationSupportsIndirectInputEvents = YES;
				INFOPLIST_KEY_UILaunchStoryboardName = LaunchScreen;
				INFOPLIST_KEY_UIMainStoryboardFile = "";
				INFOPLIST_KEY_UISupportedInterfaceOrientations_iPad = "UIInterfaceOrientationPortrait UIInterfaceOrientationPortraitUpsideDown UIInterfaceOrientationLandscapeLeft UIInterfaceOrientationLandscapeRight";
				INFOPLIST_KEY_UISupportedInterfaceOrientations_iPhone = "UIInterfaceOrientationPortrait UIInterfaceOrientationLandscapeLeft UIInterfaceOrientationLandscapeRight";
				IPHONEOS_DEPLOYMENT_TARGET = 15.0;
				LD_RUNPATH_SEARCH_PATHS = (
					"$(inherited)",
					"@executable_path/Frameworks",
				);
				MARKETING_VERSION = 1.0;
				PRODUCT_BUNDLE_IDENTIFIER = KSH.SignUpExample;
				PRODUCT_NAME = "$(TARGET_NAME)";
				SUPPORTED_PLATFORMS = "iphoneos iphonesimulator";
				SUPPORTS_MACCATALYST = NO;
				SUPPORTS_MAC_DESIGNED_FOR_IPHONE_IPAD = NO;
				SUPPORTS_XR_DESIGNED_FOR_IPHONE_IPAD = NO;
				SWIFT_EMIT_LOC_STRINGS = YES;
				SWIFT_VERSION = 5.0;
				TARGETED_DEVICE_FAMILY = 1;
			};
			name = Release;
		};
		543D59D32D019D9C0041566D /* Debug */ = {
			isa = XCBuildConfiguration;
			buildSettings = {
				ALWAYS_EMBED_SWIFT_STANDARD_LIBRARIES = YES;
				BUNDLE_LOADER = "$(TEST_HOST)";
				CODE_SIGN_STYLE = Automatic;
				CURRENT_PROJECT_VERSION = 1;
				GENERATE_INFOPLIST_FILE = YES;
				IPHONEOS_DEPLOYMENT_TARGET = 17.2;
				MARKETING_VERSION = 1.0;
				PRODUCT_BUNDLE_IDENTIFIER = KSH.SignUpExampleTests;
				PRODUCT_NAME = "$(TARGET_NAME)";
				SWIFT_EMIT_LOC_STRINGS = NO;
				SWIFT_VERSION = 5.0;
				TARGETED_DEVICE_FAMILY = "1,2";
				TEST_HOST = "$(BUILT_PRODUCTS_DIR)/SignUpExample.app/$(BUNDLE_EXECUTABLE_FOLDER_PATH)/SignUpExample";
			};
			name = Debug;
		};
		543D59D42D019D9C0041566D /* Release */ = {
			isa = XCBuildConfiguration;
			buildSettings = {
				ALWAYS_EMBED_SWIFT_STANDARD_LIBRARIES = YES;
				BUNDLE_LOADER = "$(TEST_HOST)";
				CODE_SIGN_STYLE = Automatic;
				CURRENT_PROJECT_VERSION = 1;
				GENERATE_INFOPLIST_FILE = YES;
				IPHONEOS_DEPLOYMENT_TARGET = 17.2;
				MARKETING_VERSION = 1.0;
				PRODUCT_BUNDLE_IDENTIFIER = KSH.SignUpExampleTests;
				PRODUCT_NAME = "$(TARGET_NAME)";
				SWIFT_EMIT_LOC_STRINGS = NO;
				SWIFT_VERSION = 5.0;
				TARGETED_DEVICE_FAMILY = "1,2";
				TEST_HOST = "$(BUILT_PRODUCTS_DIR)/SignUpExample.app/$(BUNDLE_EXECUTABLE_FOLDER_PATH)/SignUpExample";
			};
			name = Release;
		};
		543D59D62D019D9C0041566D /* Debug */ = {
			isa = XCBuildConfiguration;
			buildSettings = {
				ALWAYS_EMBED_SWIFT_STANDARD_LIBRARIES = YES;
				CODE_SIGN_STYLE = Automatic;
				CURRENT_PROJECT_VERSION = 1;
				GENERATE_INFOPLIST_FILE = YES;
				MARKETING_VERSION = 1.0;
				PRODUCT_BUNDLE_IDENTIFIER = KSH.SignUpExampleUITests;
				PRODUCT_NAME = "$(TARGET_NAME)";
				SWIFT_EMIT_LOC_STRINGS = NO;
				SWIFT_VERSION = 5.0;
				TARGETED_DEVICE_FAMILY = "1,2";
				TEST_TARGET_NAME = SignUpExample;
			};
			name = Debug;
		};
		543D59D72D019D9C0041566D /* Release */ = {
			isa = XCBuildConfiguration;
			buildSettings = {
				ALWAYS_EMBED_SWIFT_STANDARD_LIBRARIES = YES;
				CODE_SIGN_STYLE = Automatic;
				CURRENT_PROJECT_VERSION = 1;
				GENERATE_INFOPLIST_FILE = YES;
				MARKETING_VERSION = 1.0;
				PRODUCT_BUNDLE_IDENTIFIER = KSH.SignUpExampleUITests;
				PRODUCT_NAME = "$(TARGET_NAME)";
				SWIFT_EMIT_LOC_STRINGS = NO;
				SWIFT_VERSION = 5.0;
				TARGETED_DEVICE_FAMILY = "1,2";
				TEST_TARGET_NAME = SignUpExample;
			};
			name = Release;
		};
/* End XCBuildConfiguration section */

/* Begin XCConfigurationList section */
		543D59A02D019D9B0041566D /* Build configuration list for PBXProject "SignUpExample" */ = {
			isa = XCConfigurationList;
			buildConfigurations = (
				543D59CD2D019D9C0041566D /* Debug */,
				543D59CE2D019D9C0041566D /* Release */,
			);
			defaultConfigurationIsVisible = 0;
			defaultConfigurationName = Release;
		};
		543D59CF2D019D9C0041566D /* Build configuration list for PBXNativeTarget "SignUpExample" */ = {
			isa = XCConfigurationList;
			buildConfigurations = (
				543D59D02D019D9C0041566D /* Debug */,
				543D59D12D019D9C0041566D /* Release */,
			);
			defaultConfigurationIsVisible = 0;
			defaultConfigurationName = Release;
		};
		543D59D22D019D9C0041566D /* Build configuration list for PBXNativeTarget "SignUpExampleTests" */ = {
			isa = XCConfigurationList;
			buildConfigurations = (
				543D59D32D019D9C0041566D /* Debug */,
				543D59D42D019D9C0041566D /* Release */,
			);
			defaultConfigurationIsVisible = 0;
			defaultConfigurationName = Release;
		};
		543D59D52D019D9C0041566D /* Build configuration list for PBXNativeTarget "SignUpExampleUITests" */ = {
			isa = XCConfigurationList;
			buildConfigurations = (
				543D59D62D019D9C0041566D /* Debug */,
				543D59D72D019D9C0041566D /* Release */,
			);
			defaultConfigurationIsVisible = 0;
			defaultConfigurationName = Release;
		};
/* End XCConfigurationList section */
	};
	rootObject = 543D599D2D019D9B0041566D /* Project object */;
}
